// !$*UTF8*$!
{
	archiveVersion = 1;
	classes = {
	};
	objectVersion = 46;
	objects = {

/* Begin PBXBuildFile section */
		ED0C681B1E5967B600813B68 /* CAsync.framework in Frameworks */ = {isa = PBXBuildFile; fileRef = ED0C681A1E5967B600813B68 /* CAsync.framework */; };
		ED0C681C1E5967B600813B68 /* CAsync.framework in Embed Frameworks */ = {isa = PBXBuildFile; fileRef = ED0C681A1E5967B600813B68 /* CAsync.framework */; settings = {ATTRIBUTES = (CodeSignOnCopy, RemoveHeadersOnCopy, ); }; };
		ED0C681E1E5967B600813B68 /* Async.framework in Frameworks */ = {isa = PBXBuildFile; fileRef = ED0C681D1E5967B600813B68 /* Async.framework */; };
		ED0C681F1E5967B600813B68 /* Async.framework in Embed Frameworks */ = {isa = PBXBuildFile; fileRef = ED0C681D1E5967B600813B68 /* Async.framework */; settings = {ATTRIBUTES = (CodeSignOnCopy, RemoveHeadersOnCopy, ); }; };
		ED0C68211E5967B600813B68 /* IDisposable.framework in Frameworks */ = {isa = PBXBuildFile; fileRef = ED0C68201E5967B600813B68 /* IDisposable.framework */; };
		ED0C68221E5967B600813B68 /* IDisposable.framework in Embed Frameworks */ = {isa = PBXBuildFile; fileRef = ED0C68201E5967B600813B68 /* IDisposable.framework */; settings = {ATTRIBUTES = (CodeSignOnCopy, RemoveHeadersOnCopy, ); }; };
		ED0C68241E5967B600813B68 /* Cancellation.framework in Frameworks */ = {isa = PBXBuildFile; fileRef = ED0C68231E5967B600813B68 /* Cancellation.framework */; };
		ED0C68251E5967B600813B68 /* Cancellation.framework in Embed Frameworks */ = {isa = PBXBuildFile; fileRef = ED0C68231E5967B600813B68 /* Cancellation.framework */; settings = {ATTRIBUTES = (CodeSignOnCopy, RemoveHeadersOnCopy, ); }; };
		ED0C68271E5967B600813B68 /* Scope.framework in Frameworks */ = {isa = PBXBuildFile; fileRef = ED0C68261E5967B600813B68 /* Scope.framework */; };
		ED0C68281E5967B600813B68 /* Scope.framework in Embed Frameworks */ = {isa = PBXBuildFile; fileRef = ED0C68261E5967B600813B68 /* Scope.framework */; settings = {ATTRIBUTES = (CodeSignOnCopy, RemoveHeadersOnCopy, ); }; };
		ED0C682A1E5967B600813B68 /* Streams.framework in Frameworks */ = {isa = PBXBuildFile; fileRef = ED0C68291E5967B600813B68 /* Streams.framework */; };
		ED0C682B1E5967B600813B68 /* Streams.framework in Embed Frameworks */ = {isa = PBXBuildFile; fileRef = ED0C68291E5967B600813B68 /* Streams.framework */; settings = {ATTRIBUTES = (CodeSignOnCopy, RemoveHeadersOnCopy, ); }; };
		ED0C682D1E5967B600813B68 /* Time.framework in Frameworks */ = {isa = PBXBuildFile; fileRef = ED0C682C1E5967B600813B68 /* Time.framework */; };
		ED0C682E1E5967B600813B68 /* Time.framework in Embed Frameworks */ = {isa = PBXBuildFile; fileRef = ED0C682C1E5967B600813B68 /* Time.framework */; settings = {ATTRIBUTES = (CodeSignOnCopy, RemoveHeadersOnCopy, ); }; };
		ED0C68301E5967B600813B68 /* Bonjour.framework in Frameworks */ = {isa = PBXBuildFile; fileRef = ED0C682F1E5967B600813B68 /* Bonjour.framework */; };
		ED0C68311E5967B600813B68 /* Bonjour.framework in Embed Frameworks */ = {isa = PBXBuildFile; fileRef = ED0C682F1E5967B600813B68 /* Bonjour.framework */; settings = {ATTRIBUTES = (CodeSignOnCopy, RemoveHeadersOnCopy, ); }; };
		ED0C68331E5967B600813B68 /* Cast.framework in Frameworks */ = {isa = PBXBuildFile; fileRef = ED0C68321E5967B600813B68 /* Cast.framework */; };
		ED0C68341E5967B600813B68 /* Cast.framework in Embed Frameworks */ = {isa = PBXBuildFile; fileRef = ED0C68321E5967B600813B68 /* Cast.framework */; settings = {ATTRIBUTES = (CodeSignOnCopy, RemoveHeadersOnCopy, ); }; };
		ED0C68361E5967B600813B68 /* Crystal.framework in Frameworks */ = {isa = PBXBuildFile; fileRef = ED0C68351E5967B600813B68 /* Crystal.framework */; };
		ED0C68371E5967B600813B68 /* Crystal.framework in Embed Frameworks */ = {isa = PBXBuildFile; fileRef = ED0C68351E5967B600813B68 /* Crystal.framework */; settings = {ATTRIBUTES = (CodeSignOnCopy, RemoveHeadersOnCopy, ); }; };
		ED0C68391E5967B600813B68 /* Fetch.framework in Frameworks */ = {isa = PBXBuildFile; fileRef = ED0C68381E5967B600813B68 /* Fetch.framework */; };
		ED0C683A1E5967B600813B68 /* Fetch.framework in Embed Frameworks */ = {isa = PBXBuildFile; fileRef = ED0C68381E5967B600813B68 /* Fetch.framework */; settings = {ATTRIBUTES = (CodeSignOnCopy, RemoveHeadersOnCopy, ); }; };
		ED0C683C1E5967B600813B68 /* Surge.framework in Frameworks */ = {isa = PBXBuildFile; fileRef = ED0C683B1E5967B600813B68 /* Surge.framework */; };
		ED0C683D1E5967B600813B68 /* Surge.framework in Embed Frameworks */ = {isa = PBXBuildFile; fileRef = ED0C683B1E5967B600813B68 /* Surge.framework */; settings = {ATTRIBUTES = (CodeSignOnCopy, RemoveHeadersOnCopy, ); }; };
		ED0C683F1E5967B600813B68 /* Spectrum.framework in Frameworks */ = {isa = PBXBuildFile; fileRef = ED0C683E1E5967B600813B68 /* Spectrum.framework */; };
		ED0C68401E5967B600813B68 /* Spectrum.framework in Embed Frameworks */ = {isa = PBXBuildFile; fileRef = ED0C683E1E5967B600813B68 /* Spectrum.framework */; settings = {ATTRIBUTES = (CodeSignOnCopy, RemoveHeadersOnCopy, ); }; };
		ED0C68421E5967B600813B68 /* WKInterop.framework in Frameworks */ = {isa = PBXBuildFile; fileRef = ED0C68411E5967B600813B68 /* WKInterop.framework */; };
		ED0C68431E5967B600813B68 /* WKInterop.framework in Embed Frameworks */ = {isa = PBXBuildFile; fileRef = ED0C68411E5967B600813B68 /* WKInterop.framework */; settings = {ATTRIBUTES = (CodeSignOnCopy, RemoveHeadersOnCopy, ); }; };
		ED0C68451E5967B600813B68 /* Gloss.framework in Frameworks */ = {isa = PBXBuildFile; fileRef = ED0C68441E5967B600813B68 /* Gloss.framework */; };
		ED0C68461E5967B600813B68 /* Gloss.framework in Embed Frameworks */ = {isa = PBXBuildFile; fileRef = ED0C68441E5967B600813B68 /* Gloss.framework */; settings = {ATTRIBUTES = (CodeSignOnCopy, RemoveHeadersOnCopy, ); }; };
		ED0C68481E5967B600813B68 /* GlossSerializer.framework in Frameworks */ = {isa = PBXBuildFile; fileRef = ED0C68471E5967B600813B68 /* GlossSerializer.framework */; };
		ED0C68491E5967B600813B68 /* GlossSerializer.framework in Embed Frameworks */ = {isa = PBXBuildFile; fileRef = ED0C68471E5967B600813B68 /* GlossSerializer.framework */; settings = {ATTRIBUTES = (CodeSignOnCopy, RemoveHeadersOnCopy, ); }; };
		ED0C684B1E5967E400813B68 /* Sockets.framework in Frameworks */ = {isa = PBXBuildFile; fileRef = ED0C684A1E5967E400813B68 /* Sockets.framework */; };
		ED0C684C1E5967E400813B68 /* Sockets.framework in Embed Frameworks */ = {isa = PBXBuildFile; fileRef = ED0C684A1E5967E400813B68 /* Sockets.framework */; settings = {ATTRIBUTES = (CodeSignOnCopy, RemoveHeadersOnCopy, ); }; };
		ED0C684E1E59680600813B68 /* CryptoSwift.framework in Frameworks */ = {isa = PBXBuildFile; fileRef = ED0C684D1E59680600813B68 /* CryptoSwift.framework */; };
		ED0C684F1E59680600813B68 /* CryptoSwift.framework in Embed Frameworks */ = {isa = PBXBuildFile; fileRef = ED0C684D1E59680600813B68 /* CryptoSwift.framework */; settings = {ATTRIBUTES = (CodeSignOnCopy, RemoveHeadersOnCopy, ); }; };
		ED0CD7461E4AD34700008A25 /* Main.storyboard in Resources */ = {isa = PBXBuildFile; fileRef = ED0CD7441E4AD34700008A25 /* Main.storyboard */; };
		ED0CD7481E4AD34700008A25 /* Assets.xcassets in Resources */ = {isa = PBXBuildFile; fileRef = ED0CD7471E4AD34700008A25 /* Assets.xcassets */; };
		ED0CD74B1E4AD34700008A25 /* LaunchScreen.storyboard in Resources */ = {isa = PBXBuildFile; fileRef = ED0CD7491E4AD34700008A25 /* LaunchScreen.storyboard */; };
		ED0CD7591E4AD3D600008A25 /* AppDelegate.swift in Sources */ = {isa = PBXBuildFile; fileRef = ED0CD7531E4AD3D600008A25 /* AppDelegate.swift */; };
		ED0CD75A1E4AD3D600008A25 /* AppViewModel.swift in Sources */ = {isa = PBXBuildFile; fileRef = ED0CD7541E4AD3D600008A25 /* AppViewModel.swift */; };
		ED0CD75C1E4AD3D600008A25 /* State.swift in Sources */ = {isa = PBXBuildFile; fileRef = ED0CD7561E4AD3D600008A25 /* State.swift */; };
		ED0CD75D1E4AD3D600008A25 /* ViewController.swift in Sources */ = {isa = PBXBuildFile; fileRef = ED0CD7571E4AD3D600008A25 /* ViewController.swift */; };
		ED0CD75E1E4AD3D600008A25 /* VisualizerViewModel.swift in Sources */ = {isa = PBXBuildFile; fileRef = ED0CD7581E4AD3D600008A25 /* VisualizerViewModel.swift */; };
		ED59CCDD1E4C1AAF0068493B /* 1615553bda04164b929a71061dbe38f8.png in Resources */ = {isa = PBXBuildFile; fileRef = ED59CCD81E4C1AAF0068493B /* 1615553bda04164b929a71061dbe38f8.png */; };
		ED59CCDE1E4C1AAF0068493B /* 540950efe4f28fb5d0eaa82d1cafc47b.png in Resources */ = {isa = PBXBuildFile; fileRef = ED59CCD91E4C1AAF0068493B /* 540950efe4f28fb5d0eaa82d1cafc47b.png */; };
		ED59CCDF1E4C1AAF0068493B /* index.html in Resources */ = {isa = PBXBuildFile; fileRef = ED59CCDA1E4C1AAF0068493B /* index.html */; };
		ED59CCE01E4C1AAF0068493B /* index.js in Resources */ = {isa = PBXBuildFile; fileRef = ED59CCDB1E4C1AAF0068493B /* index.js */; };
		ED59CCE11E4C1AAF0068493B /* style.css in Resources */ = {isa = PBXBuildFile; fileRef = ED59CCDC1E4C1AAF0068493B /* style.css */; };
		EDCB0C361E58F443002628F9 /* Using.framework in Frameworks */ = {isa = PBXBuildFile; fileRef = EDCB0C341E58F43C002628F9 /* Using.framework */; };
		EDCB0C371E58F443002628F9 /* Using.framework in Embed Frameworks */ = {isa = PBXBuildFile; fileRef = EDCB0C341E58F43C002628F9 /* Using.framework */; settings = {ATTRIBUTES = (CodeSignOnCopy, RemoveHeadersOnCopy, ); }; };
/* End PBXBuildFile section */

/* Begin PBXCopyFilesBuildPhase section */
		EDE0DDB31E58F2590028B5ED /* Embed Frameworks */ = {
			isa = PBXCopyFilesBuildPhase;
			buildActionMask = 2147483647;
			dstPath = "";
			dstSubfolderSpec = 10;
			files = (
				ED0C68311E5967B600813B68 /* Bonjour.framework in Embed Frameworks */,
				ED0C683D1E5967B600813B68 /* Surge.framework in Embed Frameworks */,
				ED0C68221E5967B600813B68 /* IDisposable.framework in Embed Frameworks */,
				ED0C68461E5967B600813B68 /* Gloss.framework in Embed Frameworks */,
				ED0C682E1E5967B600813B68 /* Time.framework in Embed Frameworks */,
				EDCB0C371E58F443002628F9 /* Using.framework in Embed Frameworks */,
				ED0C682B1E5967B600813B68 /* Streams.framework in Embed Frameworks */,
				ED0C684C1E5967E400813B68 /* Sockets.framework in Embed Frameworks */,
				ED0C68251E5967B600813B68 /* Cancellation.framework in Embed Frameworks */,
				ED0C68431E5967B600813B68 /* WKInterop.framework in Embed Frameworks */,
				ED0C68281E5967B600813B68 /* Scope.framework in Embed Frameworks */,
				ED0C68491E5967B600813B68 /* GlossSerializer.framework in Embed Frameworks */,
				ED0C684F1E59680600813B68 /* CryptoSwift.framework in Embed Frameworks */,
				ED0C68371E5967B600813B68 /* Crystal.framework in Embed Frameworks */,
				ED0C681C1E5967B600813B68 /* CAsync.framework in Embed Frameworks */,
				ED0C683A1E5967B600813B68 /* Fetch.framework in Embed Frameworks */,
				ED0C68401E5967B600813B68 /* Spectrum.framework in Embed Frameworks */,
				ED0C681F1E5967B600813B68 /* Async.framework in Embed Frameworks */,
				ED0C68341E5967B600813B68 /* Cast.framework in Embed Frameworks */,
			);
			name = "Embed Frameworks";
			runOnlyForDeploymentPostprocessing = 0;
		};
/* End PBXCopyFilesBuildPhase section */

/* Begin PBXFileReference section */
		ED0C681A1E5967B600813B68 /* CAsync.framework */ = {isa = PBXFileReference; explicitFileType = wrapper.framework; path = CAsync.framework; sourceTree = BUILT_PRODUCTS_DIR; };
		ED0C681D1E5967B600813B68 /* Async.framework */ = {isa = PBXFileReference; explicitFileType = wrapper.framework; path = Async.framework; sourceTree = BUILT_PRODUCTS_DIR; };
		ED0C68201E5967B600813B68 /* IDisposable.framework */ = {isa = PBXFileReference; explicitFileType = wrapper.framework; path = IDisposable.framework; sourceTree = BUILT_PRODUCTS_DIR; };
		ED0C68231E5967B600813B68 /* Cancellation.framework */ = {isa = PBXFileReference; explicitFileType = wrapper.framework; path = Cancellation.framework; sourceTree = BUILT_PRODUCTS_DIR; };
		ED0C68261E5967B600813B68 /* Scope.framework */ = {isa = PBXFileReference; explicitFileType = wrapper.framework; path = Scope.framework; sourceTree = BUILT_PRODUCTS_DIR; };
		ED0C68291E5967B600813B68 /* Streams.framework */ = {isa = PBXFileReference; explicitFileType = wrapper.framework; path = Streams.framework; sourceTree = BUILT_PRODUCTS_DIR; };
		ED0C682C1E5967B600813B68 /* Time.framework */ = {isa = PBXFileReference; explicitFileType = wrapper.framework; path = Time.framework; sourceTree = BUILT_PRODUCTS_DIR; };
		ED0C682F1E5967B600813B68 /* Bonjour.framework */ = {isa = PBXFileReference; explicitFileType = wrapper.framework; path = Bonjour.framework; sourceTree = BUILT_PRODUCTS_DIR; };
		ED0C68321E5967B600813B68 /* Cast.framework */ = {isa = PBXFileReference; explicitFileType = wrapper.framework; path = Cast.framework; sourceTree = BUILT_PRODUCTS_DIR; };
		ED0C68351E5967B600813B68 /* Crystal.framework */ = {isa = PBXFileReference; explicitFileType = wrapper.framework; path = Crystal.framework; sourceTree = BUILT_PRODUCTS_DIR; };
		ED0C68381E5967B600813B68 /* Fetch.framework */ = {isa = PBXFileReference; explicitFileType = wrapper.framework; path = Fetch.framework; sourceTree = BUILT_PRODUCTS_DIR; };
		ED0C683B1E5967B600813B68 /* Surge.framework */ = {isa = PBXFileReference; explicitFileType = wrapper.framework; path = Surge.framework; sourceTree = BUILT_PRODUCTS_DIR; };
		ED0C683E1E5967B600813B68 /* Spectrum.framework */ = {isa = PBXFileReference; explicitFileType = wrapper.framework; path = Spectrum.framework; sourceTree = BUILT_PRODUCTS_DIR; };
		ED0C68411E5967B600813B68 /* WKInterop.framework */ = {isa = PBXFileReference; explicitFileType = wrapper.framework; path = WKInterop.framework; sourceTree = BUILT_PRODUCTS_DIR; };
		ED0C68441E5967B600813B68 /* Gloss.framework */ = {isa = PBXFileReference; explicitFileType = wrapper.framework; path = Gloss.framework; sourceTree = BUILT_PRODUCTS_DIR; };
		ED0C68471E5967B600813B68 /* GlossSerializer.framework */ = {isa = PBXFileReference; explicitFileType = wrapper.framework; path = GlossSerializer.framework; sourceTree = BUILT_PRODUCTS_DIR; };
		ED0C684A1E5967E400813B68 /* Sockets.framework */ = {isa = PBXFileReference; explicitFileType = wrapper.framework; path = Sockets.framework; sourceTree = BUILT_PRODUCTS_DIR; };
		ED0C684D1E59680600813B68 /* CryptoSwift.framework */ = {isa = PBXFileReference; explicitFileType = wrapper.framework; path = CryptoSwift.framework; sourceTree = BUILT_PRODUCTS_DIR; };
		ED0CD73D1E4AD34700008A25 /* Amethyst.app */ = {isa = PBXFileReference; explicitFileType = wrapper.application; includeInIndex = 0; path = Amethyst.app; sourceTree = BUILT_PRODUCTS_DIR; };
		ED0CD7451E4AD34700008A25 /* Base */ = {isa = PBXFileReference; lastKnownFileType = file.storyboard; name = Base; path = Base.lproj/Main.storyboard; sourceTree = "<group>"; };
		ED0CD7471E4AD34700008A25 /* Assets.xcassets */ = {isa = PBXFileReference; lastKnownFileType = folder.assetcatalog; path = Assets.xcassets; sourceTree = "<group>"; };
		ED0CD74A1E4AD34700008A25 /* Base */ = {isa = PBXFileReference; lastKnownFileType = file.storyboard; name = Base; path = Base.lproj/LaunchScreen.storyboard; sourceTree = "<group>"; };
		ED0CD74C1E4AD34700008A25 /* Info.plist */ = {isa = PBXFileReference; lastKnownFileType = text.plist.xml; path = Info.plist; sourceTree = "<group>"; };
		ED0CD7531E4AD3D600008A25 /* AppDelegate.swift */ = {isa = PBXFileReference; fileEncoding = 4; lastKnownFileType = sourcecode.swift; path = AppDelegate.swift; sourceTree = "<group>"; };
		ED0CD7541E4AD3D600008A25 /* AppViewModel.swift */ = {isa = PBXFileReference; fileEncoding = 4; lastKnownFileType = sourcecode.swift; path = AppViewModel.swift; sourceTree = "<group>"; };
		ED0CD7561E4AD3D600008A25 /* State.swift */ = {isa = PBXFileReference; fileEncoding = 4; lastKnownFileType = sourcecode.swift; path = State.swift; sourceTree = "<group>"; };
		ED0CD7571E4AD3D600008A25 /* ViewController.swift */ = {isa = PBXFileReference; fileEncoding = 4; lastKnownFileType = sourcecode.swift; path = ViewController.swift; sourceTree = "<group>"; };
		ED0CD7581E4AD3D600008A25 /* VisualizerViewModel.swift */ = {isa = PBXFileReference; fileEncoding = 4; lastKnownFileType = sourcecode.swift; path = VisualizerViewModel.swift; sourceTree = "<group>"; };
		ED59CCD81E4C1AAF0068493B /* 1615553bda04164b929a71061dbe38f8.png */ = {isa = PBXFileReference; lastKnownFileType = image.png; path = 1615553bda04164b929a71061dbe38f8.png; sourceTree = "<group>"; };
		ED59CCD91E4C1AAF0068493B /* 540950efe4f28fb5d0eaa82d1cafc47b.png */ = {isa = PBXFileReference; lastKnownFileType = image.png; path = 540950efe4f28fb5d0eaa82d1cafc47b.png; sourceTree = "<group>"; };
		ED59CCDA1E4C1AAF0068493B /* index.html */ = {isa = PBXFileReference; fileEncoding = 4; lastKnownFileType = text.html; path = index.html; sourceTree = "<group>"; };
		ED59CCDB1E4C1AAF0068493B /* index.js */ = {isa = PBXFileReference; fileEncoding = 4; lastKnownFileType = sourcecode.javascript; path = index.js; sourceTree = "<group>"; };
		ED59CCDC1E4C1AAF0068493B /* style.css */ = {isa = PBXFileReference; fileEncoding = 4; lastKnownFileType = text.css; path = style.css; sourceTree = "<group>"; };
		EDCB0C341E58F43C002628F9 /* Using.framework */ = {isa = PBXFileReference; lastKnownFileType = wrapper.framework; name = Using.framework; path = "../../DerivedData/Amethyst/Build/Products/Debug-iphoneos/Using.framework"; sourceTree = "<group>"; };
/* End PBXFileReference section */

/* Begin PBXFrameworksBuildPhase section */
		ED0CD73A1E4AD34700008A25 /* Frameworks */ = {
			isa = PBXFrameworksBuildPhase;
			buildActionMask = 2147483647;
			files = (
				ED0C68301E5967B600813B68 /* Bonjour.framework in Frameworks */,
				ED0C683C1E5967B600813B68 /* Surge.framework in Frameworks */,
				ED0C68211E5967B600813B68 /* IDisposable.framework in Frameworks */,
				ED0C68451E5967B600813B68 /* Gloss.framework in Frameworks */,
				ED0C682D1E5967B600813B68 /* Time.framework in Frameworks */,
				EDCB0C361E58F443002628F9 /* Using.framework in Frameworks */,
				ED0C682A1E5967B600813B68 /* Streams.framework in Frameworks */,
				ED0C684B1E5967E400813B68 /* Sockets.framework in Frameworks */,
				ED0C68241E5967B600813B68 /* Cancellation.framework in Frameworks */,
				ED0C68421E5967B600813B68 /* WKInterop.framework in Frameworks */,
				ED0C68271E5967B600813B68 /* Scope.framework in Frameworks */,
				ED0C68481E5967B600813B68 /* GlossSerializer.framework in Frameworks */,
				ED0C684E1E59680600813B68 /* CryptoSwift.framework in Frameworks */,
				ED0C68361E5967B600813B68 /* Crystal.framework in Frameworks */,
				ED0C681B1E5967B600813B68 /* CAsync.framework in Frameworks */,
				ED0C68391E5967B600813B68 /* Fetch.framework in Frameworks */,
				ED0C683F1E5967B600813B68 /* Spectrum.framework in Frameworks */,
				ED0C681E1E5967B600813B68 /* Async.framework in Frameworks */,
				ED0C68331E5967B600813B68 /* Cast.framework in Frameworks */,
			);
			runOnlyForDeploymentPostprocessing = 0;
		};
/* End PBXFrameworksBuildPhase section */

/* Begin PBXGroup section */
		ED0CD7341E4AD34700008A25 = {
			isa = PBXGroup;
			children = (
				ED0CD7521E4AD3D600008A25 /* Sources */,
				ED0CD73F1E4AD34700008A25 /* player-iOS */,
				ED0CD73E1E4AD34700008A25 /* Products */,
				ED59CCB61E4AD8F40068493B /* Frameworks */,
			);
			sourceTree = "<group>";
		};
		ED0CD73E1E4AD34700008A25 /* Products */ = {
			isa = PBXGroup;
			children = (
				ED0CD73D1E4AD34700008A25 /* Amethyst.app */,
			);
			name = Products;
			sourceTree = "<group>";
		};
		ED0CD73F1E4AD34700008A25 /* player-iOS */ = {
			isa = PBXGroup;
			children = (
				ED59CCD71E4C1AAF0068493B /* dist */,
				ED0CD7441E4AD34700008A25 /* Main.storyboard */,
				ED0CD7471E4AD34700008A25 /* Assets.xcassets */,
				ED0CD7491E4AD34700008A25 /* LaunchScreen.storyboard */,
				ED0CD74C1E4AD34700008A25 /* Info.plist */,
			);
			path = "player-iOS";
			sourceTree = "<group>";
		};
		ED0CD7521E4AD3D600008A25 /* Sources */ = {
			isa = PBXGroup;
			children = (
				ED0CD7531E4AD3D600008A25 /* AppDelegate.swift */,
				ED0CD7541E4AD3D600008A25 /* AppViewModel.swift */,
				ED0CD7561E4AD3D600008A25 /* State.swift */,
				ED0CD7571E4AD3D600008A25 /* ViewController.swift */,
				ED0CD7581E4AD3D600008A25 /* VisualizerViewModel.swift */,
			);
			path = Sources;
			sourceTree = "<group>";
		};
		ED59CCB61E4AD8F40068493B /* Frameworks */ = {
			isa = PBXGroup;
			children = (
				ED0C684D1E59680600813B68 /* CryptoSwift.framework */,
				ED0C684A1E5967E400813B68 /* Sockets.framework */,
				ED0C68471E5967B600813B68 /* GlossSerializer.framework */,
				ED0C68441E5967B600813B68 /* Gloss.framework */,
				ED0C68411E5967B600813B68 /* WKInterop.framework */,
				ED0C683E1E5967B600813B68 /* Spectrum.framework */,
				ED0C683B1E5967B600813B68 /* Surge.framework */,
				ED0C68381E5967B600813B68 /* Fetch.framework */,
				ED0C68351E5967B600813B68 /* Crystal.framework */,
				ED0C68321E5967B600813B68 /* Cast.framework */,
				ED0C682F1E5967B600813B68 /* Bonjour.framework */,
				ED0C682C1E5967B600813B68 /* Time.framework */,
				ED0C68291E5967B600813B68 /* Streams.framework */,
				ED0C68261E5967B600813B68 /* Scope.framework */,
				ED0C68231E5967B600813B68 /* Cancellation.framework */,
				ED0C68201E5967B600813B68 /* IDisposable.framework */,
				ED0C681D1E5967B600813B68 /* Async.framework */,
				ED0C681A1E5967B600813B68 /* CAsync.framework */,
				EDCB0C341E58F43C002628F9 /* Using.framework */,
			);
			name = Frameworks;
			sourceTree = "<group>";
		};
		ED59CCD71E4C1AAF0068493B /* dist */ = {
			isa = PBXGroup;
			children = (
				ED59CCD81E4C1AAF0068493B /* 1615553bda04164b929a71061dbe38f8.png */,
				ED59CCD91E4C1AAF0068493B /* 540950efe4f28fb5d0eaa82d1cafc47b.png */,
				ED59CCDA1E4C1AAF0068493B /* index.html */,
				ED59CCDB1E4C1AAF0068493B /* index.js */,
				ED59CCDC1E4C1AAF0068493B /* style.css */,
			);
			name = dist;
			path = ../../core/dist;
			sourceTree = "<group>";
		};
/* End PBXGroup section */

/* Begin PBXNativeTarget section */
		ED0CD73C1E4AD34700008A25 /* Amethyst */ = {
			isa = PBXNativeTarget;
			buildConfigurationList = ED0CD74F1E4AD34700008A25 /* Build configuration list for PBXNativeTarget "Amethyst" */;
			buildPhases = (
				ED0CD7391E4AD34700008A25 /* Sources */,
				ED0CD73A1E4AD34700008A25 /* Frameworks */,
				ED0CD73B1E4AD34700008A25 /* Resources */,
				EDE0DDB31E58F2590028B5ED /* Embed Frameworks */,
			);
			buildRules = (
			);
			dependencies = (
			);
			name = Amethyst;
			productName = "player-iOS";
			productReference = ED0CD73D1E4AD34700008A25 /* Amethyst.app */;
			productType = "com.apple.product-type.application";
		};
/* End PBXNativeTarget section */

/* Begin PBXProject section */
		ED0CD7351E4AD34700008A25 /* Project object */ = {
			isa = PBXProject;
			attributes = {
				LastSwiftUpdateCheck = 0810;
				LastUpgradeCheck = 0810;
				ORGANIZATIONNAME = "Marsh Inc";
				TargetAttributes = {
					ED0CD73C1E4AD34700008A25 = {
						CreatedOnToolsVersion = 8.1;
						DevelopmentTeam = 5UFQ47TZPL;
						ProvisioningStyle = Automatic;
					};
				};
			};
			buildConfigurationList = ED0CD7381E4AD34700008A25 /* Build configuration list for PBXProject "Players.iOS" */;
			compatibilityVersion = "Xcode 3.2";
			developmentRegion = English;
			hasScannedForEncodings = 0;
			knownRegions = (
				en,
				Base,
			);
			mainGroup = ED0CD7341E4AD34700008A25;
			productRefGroup = ED0CD73E1E4AD34700008A25 /* Products */;
			projectDirPath = "";
			projectRoot = "";
			targets = (
				ED0CD73C1E4AD34700008A25 /* Amethyst */,
			);
		};
/* End PBXProject section */

/* Begin PBXResourcesBuildPhase section */
		ED0CD73B1E4AD34700008A25 /* Resources */ = {
			isa = PBXResourcesBuildPhase;
			buildActionMask = 2147483647;
			files = (
				ED0CD74B1E4AD34700008A25 /* LaunchScreen.storyboard in Resources */,
				ED59CCE11E4C1AAF0068493B /* style.css in Resources */,
				ED59CCDD1E4C1AAF0068493B /* 1615553bda04164b929a71061dbe38f8.png in Resources */,
				ED0CD7481E4AD34700008A25 /* Assets.xcassets in Resources */,
				ED59CCDF1E4C1AAF0068493B /* index.html in Resources */,
				ED59CCE01E4C1AAF0068493B /* index.js in Resources */,
				ED0CD7461E4AD34700008A25 /* Main.storyboard in Resources */,
				ED59CCDE1E4C1AAF0068493B /* 540950efe4f28fb5d0eaa82d1cafc47b.png in Resources */,
			);
			runOnlyForDeploymentPostprocessing = 0;
		};
/* End PBXResourcesBuildPhase section */

/* Begin PBXSourcesBuildPhase section */
		ED0CD7391E4AD34700008A25 /* Sources */ = {
			isa = PBXSourcesBuildPhase;
			buildActionMask = 2147483647;
			files = (
				ED0CD7591E4AD3D600008A25 /* AppDelegate.swift in Sources */,
				ED0CD75A1E4AD3D600008A25 /* AppViewModel.swift in Sources */,
				ED0CD75D1E4AD3D600008A25 /* ViewController.swift in Sources */,
				ED0CD75E1E4AD3D600008A25 /* VisualizerViewModel.swift in Sources */,
				ED0CD75C1E4AD3D600008A25 /* State.swift in Sources */,
			);
			runOnlyForDeploymentPostprocessing = 0;
		};
/* End PBXSourcesBuildPhase section */

/* Begin PBXVariantGroup section */
		ED0CD7441E4AD34700008A25 /* Main.storyboard */ = {
			isa = PBXVariantGroup;
			children = (
				ED0CD7451E4AD34700008A25 /* Base */,
			);
			name = Main.storyboard;
			sourceTree = "<group>";
		};
		ED0CD7491E4AD34700008A25 /* LaunchScreen.storyboard */ = {
			isa = PBXVariantGroup;
			children = (
				ED0CD74A1E4AD34700008A25 /* Base */,
			);
			name = LaunchScreen.storyboard;
			sourceTree = "<group>";
		};
/* End PBXVariantGroup section */

/* Begin XCBuildConfiguration section */
		ED0CD74D1E4AD34700008A25 /* Debug */ = {
			isa = XCBuildConfiguration;
			buildSettings = {
				ALWAYS_SEARCH_USER_PATHS = NO;
				CLANG_ANALYZER_NONNULL = YES;
				CLANG_CXX_LANGUAGE_STANDARD = "gnu++0x";
				CLANG_CXX_LIBRARY = "libc++";
				CLANG_ENABLE_MODULES = YES;
				CLANG_ENABLE_OBJC_ARC = YES;
				CLANG_WARN_BOOL_CONVERSION = YES;
				CLANG_WARN_CONSTANT_CONVERSION = YES;
				CLANG_WARN_DIRECT_OBJC_ISA_USAGE = YES_ERROR;
				CLANG_WARN_DOCUMENTATION_COMMENTS = YES;
				CLANG_WARN_EMPTY_BODY = YES;
				CLANG_WARN_ENUM_CONVERSION = YES;
				CLANG_WARN_INFINITE_RECURSION = YES;
				CLANG_WARN_INT_CONVERSION = YES;
				CLANG_WARN_OBJC_ROOT_CLASS = YES_ERROR;
				CLANG_WARN_SUSPICIOUS_MOVES = YES;
				CLANG_WARN_UNREACHABLE_CODE = YES;
				CLANG_WARN__DUPLICATE_METHOD_MATCH = YES;
				"CODE_SIGN_IDENTITY[sdk=iphoneos*]" = "iPhone Developer";
				COPY_PHASE_STRIP = NO;
				DEBUG_INFORMATION_FORMAT = dwarf;
				ENABLE_STRICT_OBJC_MSGSEND = YES;
				ENABLE_TESTABILITY = YES;
				GCC_C_LANGUAGE_STANDARD = gnu99;
				GCC_DYNAMIC_NO_PIC = NO;
				GCC_NO_COMMON_BLOCKS = YES;
				GCC_OPTIMIZATION_LEVEL = 0;
				GCC_PREPROCESSOR_DEFINITIONS = (
					"DEBUG=1",
					"$(inherited)",
				);
				GCC_WARN_64_TO_32_BIT_CONVERSION = YES;
				GCC_WARN_ABOUT_RETURN_TYPE = YES_ERROR;
				GCC_WARN_UNDECLARED_SELECTOR = YES;
				GCC_WARN_UNINITIALIZED_AUTOS = YES_AGGRESSIVE;
				GCC_WARN_UNUSED_FUNCTION = YES;
				GCC_WARN_UNUSED_VARIABLE = YES;
				IPHONEOS_DEPLOYMENT_TARGET = 10.1;
				MTL_ENABLE_DEBUG_INFO = YES;
				ONLY_ACTIVE_ARCH = YES;
				SDKROOT = iphoneos;
				SWIFT_ACTIVE_COMPILATION_CONDITIONS = DEBUG;
				SWIFT_OPTIMIZATION_LEVEL = "-Onone";
				TARGETED_DEVICE_FAMILY = "1,2";
			};
			name = Debug;
		};
		ED0CD74E1E4AD34700008A25 /* Release */ = {
			isa = XCBuildConfiguration;
			buildSettings = {
				ALWAYS_SEARCH_USER_PATHS = NO;
				CLANG_ANALYZER_NONNULL = YES;
				CLANG_CXX_LANGUAGE_STANDARD = "gnu++0x";
				CLANG_CXX_LIBRARY = "libc++";
				CLANG_ENABLE_MODULES = YES;
				CLANG_ENABLE_OBJC_ARC = YES;
				CLANG_WARN_BOOL_CONVERSION = YES;
				CLANG_WARN_CONSTANT_CONVERSION = YES;
				CLANG_WARN_DIRECT_OBJC_ISA_USAGE = YES_ERROR;
				CLANG_WARN_DOCUMENTATION_COMMENTS = YES;
				CLANG_WARN_EMPTY_BODY = YES;
				CLANG_WARN_ENUM_CONVERSION = YES;
				CLANG_WARN_INFINITE_RECURSION = YES;
				CLANG_WARN_INT_CONVERSION = YES;
				CLANG_WARN_OBJC_ROOT_CLASS = YES_ERROR;
				CLANG_WARN_SUSPICIOUS_MOVES = YES;
				CLANG_WARN_UNREACHABLE_CODE = YES;
				CLANG_WARN__DUPLICATE_METHOD_MATCH = YES;
				"CODE_SIGN_IDENTITY[sdk=iphoneos*]" = "iPhone Developer";
				COPY_PHASE_STRIP = NO;
				DEBUG_INFORMATION_FORMAT = "dwarf-with-dsym";
				ENABLE_NS_ASSERTIONS = NO;
				ENABLE_STRICT_OBJC_MSGSEND = YES;
				GCC_C_LANGUAGE_STANDARD = gnu99;
				GCC_NO_COMMON_BLOCKS = YES;
				GCC_WARN_64_TO_32_BIT_CONVERSION = YES;
				GCC_WARN_ABOUT_RETURN_TYPE = YES_ERROR;
				GCC_WARN_UNDECLARED_SELECTOR = YES;
				GCC_WARN_UNINITIALIZED_AUTOS = YES_AGGRESSIVE;
				GCC_WARN_UNUSED_FUNCTION = YES;
				GCC_WARN_UNUSED_VARIABLE = YES;
				IPHONEOS_DEPLOYMENT_TARGET = 10.1;
				MTL_ENABLE_DEBUG_INFO = NO;
				SDKROOT = iphoneos;
				SWIFT_OPTIMIZATION_LEVEL = "-Owholemodule";
				TARGETED_DEVICE_FAMILY = "1,2";
				VALIDATE_PRODUCT = YES;
			};
			name = Release;
		};
		ED0CD7501E4AD34700008A25 /* Debug */ = {
			isa = XCBuildConfiguration;
			buildSettings = {
				ASSETCATALOG_COMPILER_APPICON_NAME = AppIcon;
				CODE_SIGN_IDENTITY = "iPhone Developer";
				DEVELOPMENT_TEAM = 5UFQ47TZPL;
				INFOPLIST_FILE = "player-iOS/Info.plist";
				LD_RUNPATH_SEARCH_PATHS = "$(inherited) @executable_path/Frameworks";
				PRODUCT_BUNDLE_IDENTIFIER = "marsh.player-iOS";
				PRODUCT_NAME = "$(TARGET_NAME)";
				SWIFT_VERSION = 3.0;
			};
			name = Debug;
		};
		ED0CD7511E4AD34700008A25 /* Release */ = {
			isa = XCBuildConfiguration;
			buildSettings = {
				ASSETCATALOG_COMPILER_APPICON_NAME = AppIcon;
				CODE_SIGN_IDENTITY = "iPhone Developer";
				DEVELOPMENT_TEAM = 5UFQ47TZPL;
				INFOPLIST_FILE = "player-iOS/Info.plist";
				LD_RUNPATH_SEARCH_PATHS = "$(inherited) @executable_path/Frameworks";
				PRODUCT_BUNDLE_IDENTIFIER = "marsh.player-iOS";
				PRODUCT_NAME = "$(TARGET_NAME)";
				SWIFT_VERSION = 3.0;
			};
			name = Release;
		};
/* End XCBuildConfiguration section */

/* Begin XCConfigurationList section */
		ED0CD7381E4AD34700008A25 /* Build configuration list for PBXProject "Players.iOS" */ = {
			isa = XCConfigurationList;
			buildConfigurations = (
				ED0CD74D1E4AD34700008A25 /* Debug */,
				ED0CD74E1E4AD34700008A25 /* Release */,
			);
			defaultConfigurationIsVisible = 0;
			defaultConfigurationName = Release;
		};
		ED0CD74F1E4AD34700008A25 /* Build configuration list for PBXNativeTarget "Amethyst" */ = {
			isa = XCConfigurationList;
			buildConfigurations = (
				ED0CD7501E4AD34700008A25 /* Debug */,
				ED0CD7511E4AD34700008A25 /* Release */,
			);
			defaultConfigurationIsVisible = 0;
			defaultConfigurationName = Release;
		};
/* End XCConfigurationList section */
	};
	rootObject = ED0CD7351E4AD34700008A25 /* Project object */;
}
